{
    "name": "tsht",
    "version": "1.0.0",
    "lockfileVersion": 2,
    "requires": true,
    "packages": {
        "": {
            "name": "tsht",
            "version": "1.0.0",
            "dependencies": {
                "dayjs": "^1.11.6",
                "nanoid": "^4.0.0",
                "tdesign-miniprogram": "^0.26.0"
            },
            "devDependencies": {
                "miniprogram-api-typings": "3.6.0"
            }
        },
        "node_modules/dayjs": {
            "version": "1.11.6",
            "resolved": "https://registry.npmmirror.com/dayjs/-/dayjs-1.11.6.tgz",
            "integrity": "sha512-zZbY5giJAinCG+7AGaw0wIhNZ6J8AhWuSXKvuc1KAyMiRsvGQWqh4L+MomvhdAYjN+lqvVCMq1I41e3YHvXkyQ=="
        },
        "node_modules/miniprogram-api-typings": {
            "version": "3.6.0",
            "resolved": "https://registry.npmjs.org/miniprogram-api-typings/-/miniprogram-api-typings-3.6.0.tgz",
            "integrity": "sha512-xwK3PzhhxnfWqDfBikHLdAbj7Wy4F887nBcQrzwuF758Fw2qC4ivpKPL9t0uJZk5QYnU28+NqA7Q3lzYGMHQnA==",
            "dev": true
        },
        "node_modules/nanoid": {
            "version": "4.0.0",
            "resolved": "https://registry.npmmirror.com/nanoid/-/nanoid-4.0.0.tgz",
            "integrity": "sha512-IgBP8piMxe/gf73RTQx7hmnhwz0aaEXYakvqZyE302IXW3HyVNhdNGC+O2MwMAVhLEnvXlvKtGbtJf6wvHihCg==",
            "bin": {
                "nanoid": "bin/nanoid.js"
            },
            "engines": {
                "node": "^14 || ^16 || >=18"
            }
        },
        "node_modules/tdesign-miniprogram": {
            "version": "0.26.0",
            "resolved": "https://registry.npmjs.org/tdesign-miniprogram/-/tdesign-miniprogram-0.26.0.tgz",
            "integrity": "sha512-qRhG/DV4ZhKpqYpSRJlxfxmfFDLvzWdtKPh5uHErsAd09DXER8f/I/8PVuipddRskXfeSG2QwUBEzhv7a5rXww==",
            "dependencies": {
                "dayjs": "^1.10.7"
            }
        }
    },
    "dependencies": {
        "dayjs": {
            "version": "1.11.6",
            "resolved": "https://registry.npmmirror.com/dayjs/-/dayjs-1.11.6.tgz",
            "integrity": "sha512-zZbY5giJAinCG+7AGaw0wIhNZ6J8AhWuSXKvuc1KAyMiRsvGQWqh4L+MomvhdAYjN+lqvVCMq1I41e3YHvXkyQ=="
        },
        "miniprogram-api-typings": {
            "version": "3.6.0",
            "resolved": "https://registry.npmjs.org/miniprogram-api-typings/-/miniprogram-api-typings-3.6.0.tgz",
            "integrity": "sha512-xwK3PzhhxnfWqDfBikHLdAbj7Wy4F887nBcQrzwuF758Fw2qC4ivpKPL9t0uJZk5QYnU28+NqA7Q3lzYGMHQnA==",
            "dev": true
        },
        "nanoid": {
            "version": "4.0.0",
            "resolved": "https://registry.npmmirror.com/nanoid/-/nanoid-4.0.0.tgz",
            "integrity": "sha512-IgBP8piMxe/gf73RTQx7hmnhwz0aaEXYakvqZyE302IXW3HyVNhdNGC+O2MwMAVhLEnvXlvKtGbtJf6wvHihCg=="
        },
        "tdesign-miniprogram": {
            "version": "0.26.0",
            "resolved": "https://registry.npmjs.org/tdesign-miniprogram/-/tdesign-miniprogram-0.26.0.tgz",
            "integrity": "sha512-qRhG/DV4ZhKpqYpSRJlxfxmfFDLvzWdtKPh5uHErsAd09DXER8f/I/8PVuipddRskXfeSG2QwUBEzhv7a5rXww==",
            "requires": {
                "dayjs": "^1.10.7"
            }
        }
    }
}
