{
    "name": "tsht",
    "version": "1.0.0",
    "lockfileVersion": 2,
    "requires": true,
    "packages": {
        "": {
            "name": "tsht",
            "version": "1.0.0",
            "dependencies": {
                "dayjs": "^1.11.6",
                "nanoid": "^4.0.0",
                "tdesign-miniprogram": "0.34.0"
            },
            "devDependencies": {
                "miniprogram-api-typings": "3.9.1"
            }
        },
        "node_modules/dayjs": {
            "version": "1.11.6",
            "resolved": "https://registry.npmmirror.com/dayjs/-/dayjs-1.11.6.tgz",
            "integrity": "sha512-zZbY5giJAinCG+7AGaw0wIhNZ6J8AhWuSXKvuc1KAyMiRsvGQWqh4L+MomvhdAYjN+lqvVCMq1I41e3YHvXkyQ=="
        },
        "node_modules/miniprogram-api-typings": {
            "version": "3.9.1",
            "resolved": "https://registry.npmmirror.com/miniprogram-api-typings/-/miniprogram-api-typings-3.9.1.tgz",
            "integrity": "sha512-oyratzOWyuFhBzONp06l0FBPu03ltCd1sRWoy2v38SnAKxtpZ8ySLTSEw//hIsBdocMda7fFZEjOG57L57mcUw==",
            "dev": true
        },
        "node_modules/nanoid": {
            "version": "4.0.0",
            "resolved": "https://registry.npmmirror.com/nanoid/-/nanoid-4.0.0.tgz",
            "integrity": "sha512-IgBP8piMxe/gf73RTQx7hmnhwz0aaEXYakvqZyE302IXW3HyVNhdNGC+O2MwMAVhLEnvXlvKtGbtJf6wvHihCg==",
            "bin": {
                "nanoid": "bin/nanoid.js"
            },
            "engines": {
                "node": "^14 || ^16 || >=18"
            }
        },
        "node_modules/tdesign-miniprogram": {
            "version": "0.34.0",
            "resolved": "https://registry.npmmirror.com/tdesign-miniprogram/-/tdesign-miniprogram-0.34.0.tgz",
            "integrity": "sha512-2TWwqVQ4hneOGxUAjO3XeKiAedae/6ofzdDFgS5bn2gQxnAY2rWU+MSBv/5ebecmMnewU7iwrlwZA9a7QJxNiw==",
            "dependencies": {
                "dayjs": "^1.10.7"
            }
        }
    },
    "dependencies": {
        "dayjs": {
            "version": "1.11.6",
            "resolved": "https://registry.npmmirror.com/dayjs/-/dayjs-1.11.6.tgz",
            "integrity": "sha512-zZbY5giJAinCG+7AGaw0wIhNZ6J8AhWuSXKvuc1KAyMiRsvGQWqh4L+MomvhdAYjN+lqvVCMq1I41e3YHvXkyQ=="
        },
        "miniprogram-api-typings": {
            "version": "3.9.1",
            "resolved": "https://registry.npmmirror.com/miniprogram-api-typings/-/miniprogram-api-typings-3.9.1.tgz",
            "integrity": "sha512-oyratzOWyuFhBzONp06l0FBPu03ltCd1sRWoy2v38SnAKxtpZ8ySLTSEw//hIsBdocMda7fFZEjOG57L57mcUw==",
            "dev": true
        },
        "nanoid": {
            "version": "4.0.0",
            "resolved": "https://registry.npmmirror.com/nanoid/-/nanoid-4.0.0.tgz",
            "integrity": "sha512-IgBP8piMxe/gf73RTQx7hmnhwz0aaEXYakvqZyE302IXW3HyVNhdNGC+O2MwMAVhLEnvXlvKtGbtJf6wvHihCg=="
        },
        "tdesign-miniprogram": {
            "version": "0.34.0",
            "resolved": "https://registry.npmmirror.com/tdesign-miniprogram/-/tdesign-miniprogram-0.34.0.tgz",
            "integrity": "sha512-2TWwqVQ4hneOGxUAjO3XeKiAedae/6ofzdDFgS5bn2gQxnAY2rWU+MSBv/5ebecmMnewU7iwrlwZA9a7QJxNiw==",
            "requires": {
                "dayjs": "^1.10.7"
            }
        }
    }
}
